// !$*UTF8*$!
{
	archiveVersion = 1;
	classes = {
	};
	objectVersion = 46;
	objects = {

/* Begin PBXBuildFile section */
		3B8F72BA1971425900D3CDE2 /* main.swift in Sources */ = {isa = PBXBuildFile; fileRef = 3B8F72B91971425900D3CDE2 /* main.swift */; };
		3BBEA2A5196D1CED0055EE6B /* main.m in Sources */ = {isa = PBXBuildFile; fileRef = 3BBEA2A4196D1CED0055EE6B /* main.m */; };
/* End PBXBuildFile section */

/* Begin PBXCopyFilesBuildPhase section */
		3B8F72B51971425900D3CDE2 /* CopyFiles */ = {
			isa = PBXCopyFilesBuildPhase;
			buildActionMask = 2147483647;
			dstPath = /usr/share/man/man1/;
			dstSubfolderSpec = 0;
			files = (
			);
			runOnlyForDeploymentPostprocessing = 1;
		};
		3BBEA29F196D1CED0055EE6B /* CopyFiles */ = {
			isa = PBXCopyFilesBuildPhase;
			buildActionMask = 2147483647;
			dstPath = /usr/share/man/man1/;
			dstSubfolderSpec = 0;
			files = (
			);
			runOnlyForDeploymentPostprocessing = 1;
		};
/* End PBXCopyFilesBuildPhase section */

/* Begin PBXFileReference section */
		3B8F72B71971425900D3CDE2 /* swiftMakeImageTemplate */ = {isa = PBXFileReference; explicitFileType = "compiled.mach-o.executable"; includeInIndex = 0; path = swiftMakeImageTemplate; sourceTree = BUILT_PRODUCTS_DIR; };
		3B8F72B91971425900D3CDE2 /* main.swift */ = {isa = PBXFileReference; lastKnownFileType = sourcecode.swift; path = main.swift; sourceTree = "<group>"; };
		3BBEA2A1196D1CED0055EE6B /* MakeImageTemplate */ = {isa = PBXFileReference; explicitFileType = "compiled.mach-o.executable"; includeInIndex = 0; path = MakeImageTemplate; sourceTree = BUILT_PRODUCTS_DIR; };
		3BBEA2A4196D1CED0055EE6B /* main.m */ = {isa = PBXFileReference; lastKnownFileType = sourcecode.c.objc; path = main.m; sourceTree = "<group>"; };
/* End PBXFileReference section */

/* Begin PBXFrameworksBuildPhase section */
		3B8F72B41971425900D3CDE2 /* Frameworks */ = {
			isa = PBXFrameworksBuildPhase;
			buildActionMask = 2147483647;
			files = (
			);
			runOnlyForDeploymentPostprocessing = 0;
		};
		3BBEA29E196D1CED0055EE6B /* Frameworks */ = {
			isa = PBXFrameworksBuildPhase;
			buildActionMask = 2147483647;
			files = (
			);
			runOnlyForDeploymentPostprocessing = 0;
		};
/* End PBXFrameworksBuildPhase section */

/* Begin PBXGroup section */
		3B8F72B81971425900D3CDE2 /* swiftMakeImageTemplate */ = {
			isa = PBXGroup;
			children = (
				3B8F72B91971425900D3CDE2 /* main.swift */,
			);
			path = swiftMakeImageTemplate;
			sourceTree = "<group>";
		};
		3BBEA298196D1CED0055EE6B = {
			isa = PBXGroup;
			children = (
				3BBEA2A3196D1CED0055EE6B /* MakeImageTemplate */,
				3B8F72B81971425900D3CDE2 /* swiftMakeImageTemplate */,
				3BBEA2A2196D1CED0055EE6B /* Products */,
			);
			sourceTree = "<group>";
		};
		3BBEA2A2196D1CED0055EE6B /* Products */ = {
			isa = PBXGroup;
			children = (
				3BBEA2A1196D1CED0055EE6B /* MakeImageTemplate */,
				3B8F72B71971425900D3CDE2 /* swiftMakeImageTemplate */,
			);
			name = Products;
			sourceTree = "<group>";
		};
		3BBEA2A3196D1CED0055EE6B /* MakeImageTemplate */ = {
			isa = PBXGroup;
			children = (
				3BBEA2A4196D1CED0055EE6B /* main.m */,
			);
			path = MakeImageTemplate;
			sourceTree = "<group>";
		};
/* End PBXGroup section */

/* Begin PBXNativeTarget section */
		3B8F72B61971425900D3CDE2 /* swiftMakeImageTemplate */ = {
			isa = PBXNativeTarget;
			buildConfigurationList = 3B8F72BD1971425900D3CDE2 /* Build configuration list for PBXNativeTarget "swiftMakeImageTemplate" */;
			buildPhases = (
				3B8F72B31971425900D3CDE2 /* Sources */,
				3B8F72B41971425900D3CDE2 /* Frameworks */,
				3B8F72B51971425900D3CDE2 /* CopyFiles */,
			);
			buildRules = (
			);
			dependencies = (
			);
			name = swiftMakeImageTemplate;
			productName = swiftMakeImageTemplate;
			productReference = 3B8F72B71971425900D3CDE2 /* swiftMakeImageTemplate */;
			productType = "com.apple.product-type.tool";
		};
		3BBEA2A0196D1CED0055EE6B /* MakeImageTemplate */ = {
			isa = PBXNativeTarget;
			buildConfigurationList = 3BBEA2A8196D1CED0055EE6B /* Build configuration list for PBXNativeTarget "MakeImageTemplate" */;
			buildPhases = (
				3BBEA29D196D1CED0055EE6B /* Sources */,
				3BBEA29E196D1CED0055EE6B /* Frameworks */,
				3BBEA29F196D1CED0055EE6B /* CopyFiles */,
			);
			buildRules = (
			);
			dependencies = (
			);
			name = MakeImageTemplate;
			productName = MakeImageTemplate;
			productReference = 3BBEA2A1196D1CED0055EE6B /* MakeImageTemplate */;
			productType = "com.apple.product-type.tool";
		};
/* End PBXNativeTarget section */

/* Begin PBXProject section */
		3BBEA299196D1CED0055EE6B /* Project object */ = {
			isa = PBXProject;
			attributes = {
				LastUpgradeCheck = 0600;
				ORGANIZATIONNAME = "Kim Hunter";
				TargetAttributes = {
					3B8F72B61971425900D3CDE2 = {
						CreatedOnToolsVersion = 6.0;
					};
					3BBEA2A0196D1CED0055EE6B = {
						CreatedOnToolsVersion = 6.0;
					};
				};
			};
			buildConfigurationList = 3BBEA29C196D1CED0055EE6B /* Build configuration list for PBXProject "MakeImageTemplate" */;
			compatibilityVersion = "Xcode 3.2";
			developmentRegion = English;
			hasScannedForEncodings = 0;
			knownRegions = (
				en,
			);
			mainGroup = 3BBEA298196D1CED0055EE6B;
			productRefGroup = 3BBEA2A2196D1CED0055EE6B /* Products */;
			projectDirPath = "";
			projectRoot = "";
			targets = (
				3BBEA2A0196D1CED0055EE6B /* MakeImageTemplate */,
				3B8F72B61971425900D3CDE2 /* swiftMakeImageTemplate */,
			);
		};
/* End PBXProject section */

/* Begin PBXSourcesBuildPhase section */
		3B8F72B31971425900D3CDE2 /* Sources */ = {
			isa = PBXSourcesBuildPhase;
			buildActionMask = 2147483647;
			files = (
				3B8F72BA1971425900D3CDE2 /* main.swift in Sources */,
			);
			runOnlyForDeploymentPostprocessing = 0;
		};
		3BBEA29D196D1CED0055EE6B /* Sources */ = {
			isa = PBXSourcesBuildPhase;
			buildActionMask = 2147483647;
			files = (
				3BBEA2A5196D1CED0055EE6B /* main.m in Sources */,
			);
			runOnlyForDeploymentPostprocessing = 0;
		};
/* End PBXSourcesBuildPhase section */

/* Begin XCBuildConfiguration section */
		3B8F72BB1971425900D3CDE2 /* Debug */ = {
			isa = XCBuildConfiguration;
			buildSettings = {
				GCC_PREPROCESSOR_DEFINITIONS = (
					"DEBUG=1",
					"$(inherited)",
				);
				PRODUCT_NAME = "$(TARGET_NAME)";
				SWIFT_OPTIMIZATION_LEVEL = "-Onone";
			};
			name = Debug;
		};
		3B8F72BC1971425900D3CDE2 /* Release */ = {
			isa = XCBuildConfiguration;
			buildSettings = {
				PRODUCT_NAME = "$(TARGET_NAME)";
			};
			name = Release;
		};
		3BBEA2A6196D1CED0055EE6B /* Debug */ = {
			isa = XCBuildConfiguration;
			buildSettings = {
				ALWAYS_SEARCH_USER_PATHS = NO;
				CLANG_CXX_LANGUAGE_STANDARD = "gnu++0x";
				CLANG_CXX_LIBRARY = "libc++";
				CLANG_ENABLE_MODULES = YES;
				CLANG_ENABLE_OBJC_ARC = YES;
				CLANG_WARN_BOOL_CONVERSION = YES;
				CLANG_WARN_CONSTANT_CONVERSION = YES;
				CLANG_WARN_DIRECT_OBJC_ISA_USAGE = YES_ERROR;
				CLANG_WARN_EMPTY_BODY = YES;
				CLANG_WARN_ENUM_CONVERSION = YES;
				CLANG_WARN_INT_CONVERSION = YES;
				CLANG_WARN_OBJC_ROOT_CLASS = YES_ERROR;
				CLANG_WARN_UNREACHABLE_CODE = YES;
				CLANG_WARN__DUPLICATE_METHOD_MATCH = YES;
				COPY_PHASE_STRIP = NO;
				ENABLE_STRICT_OBJC_MSGSEND = YES;
				GCC_C_LANGUAGE_STANDARD = gnu99;
				GCC_DYNAMIC_NO_PIC = NO;
				GCC_OPTIMIZATION_LEVEL = 0;
				GCC_PREPROCESSOR_DEFINITIONS = (
					"DEBUG=1",
					"$(inherited)",
				);
				GCC_SYMBOLS_PRIVATE_EXTERN = NO;
				GCC_WARN_64_TO_32_BIT_CONVERSION = YES;
				GCC_WARN_ABOUT_RETURN_TYPE = YES_ERROR;
				GCC_WARN_UNDECLARED_SELECTOR = YES;
				GCC_WARN_UNINITIALIZED_AUTOS = YES_AGGRESSIVE;
				GCC_WARN_UNUSED_FUNCTION = YES;
				GCC_WARN_UNUSED_VARIABLE = YES;
				MACOSX_DEPLOYMENT_TARGET = 10.10;
				MTL_ENABLE_DEBUG_INFO = YES;
				ONLY_ACTIVE_ARCH = YES;
				SDKROOT = macosx;
			};
			name = Debug;
		};
		3BBEA2A7196D1CED0055EE6B /* Release */ = {
			isa = XCBuildConfiguration;
			buildSettings = {
				ALWAYS_SEARCH_USER_PATHS = NO;
				CLANG_CXX_LANGUAGE_STANDARD = "gnu++0x";
				CLANG_CXX_LIBRARY = "libc++";
				CLANG_ENABLE_MODULES = YES;
				CLANG_ENABLE_OBJC_ARC = YES;
				CLANG_WARN_BOOL_CONVERSION = YES;
				CLANG_WARN_CONSTANT_CONVERSION = YES;
				CLANG_WARN_DIRECT_OBJC_ISA_USAGE = YES_ERROR;
				CLANG_WARN_EMPTY_BODY = YES;
				CLANG_WARN_ENUM_CONVERSION = YES;
				CLANG_WARN_INT_CONVERSION = YES;
				CLANG_WARN_OBJC_ROOT_CLASS = YES_ERROR;
				CLANG_WARN_UNREACHABLE_CODE = YES;
				CLANG_WARN__DUPLICATE_METHOD_MATCH = YES;
				COPY_PHASE_STRIP = YES;
				DEBUG_INFORMATION_FORMAT = "dwarf-with-dsym";
				ENABLE_NS_ASSERTIONS = NO;
				ENABLE_STRICT_OBJC_MSGSEND = YES;
				GCC_C_LANGUAGE_STANDARD = gnu99;
				GCC_WARN_64_TO_32_BIT_CONVERSION = YES;
				GCC_WARN_ABOUT_RETURN_TYPE = YES_ERROR;
				GCC_WARN_UNDECLARED_SELECTOR = YES;
				GCC_WARN_UNINITIALIZED_AUTOS = YES_AGGRESSIVE;
				GCC_WARN_UNUSED_FUNCTION = YES;
				GCC_WARN_UNUSED_VARIABLE = YES;
				MACOSX_DEPLOYMENT_TARGET = 10.10;
				MTL_ENABLE_DEBUG_INFO = NO;
				SDKROOT = macosx;
			};
			name = Release;
		};
		3BBEA2A9196D1CED0055EE6B /* Debug */ = {
			isa = XCBuildConfiguration;
			buildSettings = {
				MACOSX_DEPLOYMENT_TARGET = 10.9;
				PRODUCT_NAME = "$(TARGET_NAME)";
			};
			name = Debug;
		};
		3BBEA2AA196D1CED0055EE6B /* Release */ = {
			isa = XCBuildConfiguration;
			buildSettings = {
				MACOSX_DEPLOYMENT_TARGET = 10.9;
				PRODUCT_NAME = "$(TARGET_NAME)";
			};
			name = Release;
		};
/* End XCBuildConfiguration section */

/* Begin XCConfigurationList section */
		3B8F72BD1971425900D3CDE2 /* Build configuration list for PBXNativeTarget "swiftMakeImageTemplate" */ = {
			isa = XCConfigurationList;
			buildConfigurations = (
				3B8F72BB1971425900D3CDE2 /* Debug */,
				3B8F72BC1971425900D3CDE2 /* Release */,
			);
			defaultConfigurationIsVisible = 0;
		};
		3BBEA29C196D1CED0055EE6B /* Build configuration list for PBXProject "MakeImageTemplate" */ = {
			isa = XCConfigurationList;
			buildConfigurations = (
				3BBEA2A6196D1CED0055EE6B /* Debug */,
				3BBEA2A7196D1CED0055EE6B /* Release */,
			);
			defaultConfigurationIsVisible = 0;
			defaultConfigurationName = Release;
		};
		3BBEA2A8196D1CED0055EE6B /* Build configuration list for PBXNativeTarget "MakeImageTemplate" */ = {
			isa = XCConfigurationList;
			buildConfigurations = (
				3BBEA2A9196D1CED0055EE6B /* Debug */,
				3BBEA2AA196D1CED0055EE6B /* Release */,
			);
			defaultConfigurationIsVisible = 0;
			defaultConfigurationName = Release;
		};
/* End XCConfigurationList section */
	};
	rootObject = 3BBEA299196D1CED0055EE6B /* Project object */;
}
